
Microsoft Visual Studio Solution File, Format Version 12.00
# Visual Studio Version 16
VisualStudioVersion = 16.0.29503.13
MinimumVisualStudioVersion = 10.0.40219.1
Project("{9A19103F-16F7-4668-BE54-9A1E7A4F7556}") = "ExcelManipulation", "ExcelManipulation\ExcelManipulation.csproj", "{79D3CF76-8FCE-4438-B341-04FB3CF4D269}"
EndProject
Project("{FAE04EC0-301F-11D3-BF4B-00C04F79EFBC}") = "ExcelCore", "ExcelCore\ExcelCore.csproj", "{DD920B9C-C76C-4202-AB8F-C24272BFB743}"
EndProject
Global
	GlobalSection(SolutionConfigurationPlatforms) = preSolution
		Debug|Any CPU = Debug|Any CPU
		Debug|x64 = Debug|x64
		Release|Any CPU = Release|Any CPU
		Release|x64 = Release|x64
	EndGlobalSection
	GlobalSection(ProjectConfigurationPlatforms) = postSolution
		{79D3CF76-8FCE-4438-B341-04FB3CF4D269}.Debug|Any CPU.ActiveCfg = Debug|Any CPU
		{79D3CF76-8FCE-4438-B341-04FB3CF4D269}.Debug|Any CPU.Build.0 = Debug|Any CPU
		{79D3CF76-8FCE-4438-B341-04FB3CF4D269}.Debug|x64.ActiveCfg = Debug|x64
		{79D3CF76-8FCE-4438-B341-04FB3CF4D269}.Debug|x64.Build.0 = Debug|x64
		{79D3CF76-8FCE-4438-B341-04FB3CF4D269}.Release|Any CPU.ActiveCfg = Release|Any CPU
		{79D3CF76-8FCE-4438-B341-04FB3CF4D269}.Release|Any CPU.Build.0 = Release|Any CPU
		{79D3CF76-8FCE-4438-B341-04FB3CF4D269}.Release|x64.ActiveCfg = Release|x64
		{79D3CF76-8FCE-4438-B341-04FB3CF4D269}.Release|x64.Build.0 = Release|x64
		{DD920B9C-C76C-4202-AB8F-C24272BFB743}.Debug|Any CPU.ActiveCfg = Debug|Any CPU
		{DD920B9C-C76C-4202-AB8F-C24272BFB743}.Debug|Any CPU.Build.0 = Debug|Any CPU
		{DD920B9C-C76C-4202-AB8F-C24272BFB743}.Debug|x64.ActiveCfg = Debug|Any CPU
		{DD920B9C-C76C-4202-AB8F-C24272BFB743}.Debug|x64.Build.0 = Debug|Any CPU
		{DD920B9C-C76C-4202-AB8F-C24272BFB743}.Release|Any CPU.ActiveCfg = Release|Any CPU
		{DD920B9C-C76C-4202-AB8F-C24272BFB743}.Release|Any CPU.Build.0 = Release|Any CPU
		{DD920B9C-C76C-4202-AB8F-C24272BFB743}.Release|x64.ActiveCfg = Release|Any CPU
		{DD920B9C-C76C-4202-AB8F-C24272BFB743}.Release|x64.Build.0 = Release|Any CPU
	EndGlobalSection
	GlobalSection(SolutionProperties) = preSolution
		HideSolutionNode = FALSE
	EndGlobalSection
	GlobalSection(ExtensibilityGlobals) = postSolution
		SolutionGuid = {C2E62A0F-CDDF-4120-AF84-7E33670B7877}
	EndGlobalSection
EndGlobal
